github.com/google/go-cmp v0.5.2 h1:X2ev0eStA3AbceY54o37/0PQ/UWqKEiiO2dKL5OPaFM=
github.com/google/go-cmp v0.5.2/go.mod h1:v8dTdLbMG2kIc/vJvl+f65V22dbkXbowE6jgT/gNBxE=
github.com/learning-go-book/formatter v0.0.0-20200921021027-5abc380940ae h1:TRWDqrPLdqr3L6T0reL3A7/ArQ194nVFY7frsixLYdQ=
github.com/learning-go-book/formatter v0.0.0-20200921021027-5abc380940ae/go.mod h1:YSLNw1QDbIcM0EvYO9bUmuMrIPv1NNCn8KxYKBj5ZE8=
github.com/shopspring/decimal v1.4.0 h1:bxl37RwXBklmTi0C79JfXCEBD1cqqHt0bbgBAGFp81k=
github.com/shopspring/decimal v1.4.0/go.mod h1:gawqmDU56v4yIKSwfBSFip1HdCCXN8/+DMd9qYNcwME=
golang.org/x/xerrors v0.0.0-20191204190536-9bdfabe68543/go.mod h1:I/5z698sn9Ka8TeJc9MKroUUfqBBauWjQqLJ2OPfmY0=
